
Microsoft Visual Studio Solution File, Format Version 12.00
# Visual Studio Version 17
VisualStudioVersion = 17.2.32616.157
MinimumVisualStudioVersion = 10.0.40219.1
Project("{FAE04EC0-301F-11D3-BF4B-00C04F79EFBC}") = "usbcom", "usbcom\usbcom.csproj", "{DC79B27A-8364-4770-B71B-5304848AF68C}"
EndProject
Global
	GlobalSection(SolutionConfigurationPlatforms) = preSolution
		Debug|Any CPU = Debug|Any CPU
		Release|Any CPU = Release|Any CPU
	EndGlobalSection
	GlobalSection(ProjectConfigurationPlatforms) = postSolution
		{DC79B27A-8364-4770-B71B-5304848AF68C}.Debug|Any CPU.ActiveCfg = Debug|Any CPU
		{DC79B27A-8364-4770-B71B-5304848AF68C}.Debug|Any CPU.Build.0 = Debug|Any CPU
		{DC79B27A-8364-4770-B71B-5304848AF68C}.Release|Any CPU.ActiveCfg = Release|Any CPU
		{DC79B27A-8364-4770-B71B-5304848AF68C}.Release|Any CPU.Build.0 = Release|Any CPU
	EndGlobalSection
	GlobalSection(SolutionProperties) = preSolution
		HideSolutionNode = FALSE
	EndGlobalSection
	GlobalSection(ExtensibilityGlobals) = postSolution
		SolutionGuid = {3466F722-EC79-4AEC-9622-333D540E05EF}
	EndGlobalSection
EndGlobal
